// !$*UTF8*$!
{
	archiveVersion = 1;
	classes = {
	};
	objectVersion = 48;
	objects = {

/* Begin PBXBuildFile section */
		A5CF41A5205B72BA006F2E5D /* AppDelegate.swift in Sources */ = {isa = PBXBuildFile; fileRef = A5CF41A4205B72BA006F2E5D /* AppDelegate.swift */; };
		A5CF41A7205B72BA006F2E5D /* ViewController.swift in Sources */ = {isa = PBXBuildFile; fileRef = A5CF41A6205B72BA006F2E5D /* ViewController.swift */; };
		A5CF41AA205B72BA006F2E5D /* Main.storyboard in Resources */ = {isa = PBXBuildFile; fileRef = A5CF41A8205B72BA006F2E5D /* Main.storyboard */; };
		A5CF41AC205B72BA006F2E5D /* Assets.xcassets in Resources */ = {isa = PBXBuildFile; fileRef = A5CF41AB205B72BA006F2E5D /* Assets.xcassets */; };
		A5CF41AF205B72BA006F2E5D /* LaunchScreen.storyboard in Resources */ = {isa = PBXBuildFile; fileRef = A5CF41AD205B72BA006F2E5D /* LaunchScreen.storyboard */; };
		A5CF41BA205B72BB006F2E5D /* SVScrollViewTests.swift in Sources */ = {isa = PBXBuildFile; fileRef = A5CF41B9205B72BB006F2E5D /* SVScrollViewTests.swift */; };
		A5CF41C5205B72BB006F2E5D /* SVScrollViewUITests.swift in Sources */ = {isa = PBXBuildFile; fileRef = A5CF41C4205B72BB006F2E5D /* SVScrollViewUITests.swift */; };
/* End PBXBuildFile section */

/* Begin PBXContainerItemProxy section */
		A5CF41B6205B72BB006F2E5D /* PBXContainerItemProxy */ = {
			isa = PBXContainerItemProxy;
			containerPortal = A5CF4199205B72BA006F2E5D /* Project object */;
			proxyType = 1;
			remoteGlobalIDString = A5CF41A0205B72BA006F2E5D;
			remoteInfo = SVScrollView;
		};
		A5CF41C1205B72BB006F2E5D /* PBXContainerItemProxy */ = {
			isa = PBXContainerItemProxy;
			containerPortal = A5CF4199205B72BA006F2E5D /* Project object */;
			proxyType = 1;
			remoteGlobalIDString = A5CF41A0205B72BA006F2E5D;
			remoteInfo = SVScrollView;
		};
/* End PBXContainerItemProxy section */

/* Begin PBXFileReference section */
		A5CF41A1205B72BA006F2E5D /* SVScrollView.app */ = {isa = PBXFileReference; explicitFileType = wrapper.application; includeInIndex = 0; path = SVScrollView.app; sourceTree = BUILT_PRODUCTS_DIR; };
		A5CF41A4205B72BA006F2E5D /* AppDelegate.swift */ = {isa = PBXFileReference; lastKnownFileType = sourcecode.swift; path = AppDelegate.swift; sourceTree = "<group>"; };
		A5CF41A6205B72BA006F2E5D /* ViewController.swift */ = {isa = PBXFileReference; lastKnownFileType = sourcecode.swift; path = ViewController.swift; sourceTree = "<group>"; };
		A5CF41A9205B72BA006F2E5D /* Base */ = {isa = PBXFileReference; lastKnownFileType = file.storyboard; name = Base; path = Base.lproj/Main.storyboard; sourceTree = "<group>"; };
		A5CF41AB205B72BA006F2E5D /* Assets.xcassets */ = {isa = PBXFileReference; lastKnownFileType = folder.assetcatalog; path = Assets.xcassets; sourceTree = "<group>"; };
		A5CF41AE205B72BA006F2E5D /* Base */ = {isa = PBXFileReference; lastKnownFileType = file.storyboard; name = Base; path = Base.lproj/LaunchScreen.storyboard; sourceTree = "<group>"; };
		A5CF41B0205B72BA006F2E5D /* Info.plist */ = {isa = PBXFileReference; lastKnownFileType = text.plist.xml; path = Info.plist; sourceTree = "<group>"; };
		A5CF41B5205B72BB006F2E5D /* SVScrollViewTests.xctest */ = {isa = PBXFileReference; explicitFileType = wrapper.cfbundle; includeInIndex = 0; path = SVScrollViewTests.xctest; sourceTree = BUILT_PRODUCTS_DIR; };
		A5CF41B9205B72BB006F2E5D /* SVScrollViewTests.swift */ = {isa = PBXFileReference; lastKnownFileType = sourcecode.swift; path = SVScrollViewTests.swift; sourceTree = "<group>"; };
		A5CF41BB205B72BB006F2E5D /* Info.plist */ = {isa = PBXFileReference; lastKnownFileType = text.plist.xml; path = Info.plist; sourceTree = "<group>"; };
		A5CF41C0205B72BB006F2E5D /* SVScrollViewUITests.xctest */ = {isa = PBXFileReference; explicitFileType = wrapper.cfbundle; includeInIndex = 0; path = SVScrollViewUITests.xctest; sourceTree = BUILT_PRODUCTS_DIR; };
		A5CF41C4205B72BB006F2E5D /* SVScrollViewUITests.swift */ = {isa = PBXFileReference; lastKnownFileType = sourcecode.swift; path = SVScrollViewUITests.swift; sourceTree = "<group>"; };
		A5CF41C6205B72BB006F2E5D /* Info.plist */ = {isa = PBXFileReference; lastKnownFileType = text.plist.xml; path = Info.plist; sourceTree = "<group>"; };
/* End PBXFileReference section */

/* Begin PBXFrameworksBuildPhase section */
		A5CF419E205B72BA006F2E5D /* Frameworks */ = {
			isa = PBXFrameworksBuildPhase;
			buildActionMask = 2147483647;
			files = (
			);
			runOnlyForDeploymentPostprocessing = 0;
		};
		A5CF41B2205B72BB006F2E5D /* Frameworks */ = {
			isa = PBXFrameworksBuildPhase;
			buildActionMask = 2147483647;
			files = (
			);
			runOnlyForDeploymentPostprocessing = 0;
		};
		A5CF41BD205B72BB006F2E5D /* Frameworks */ = {
			isa = PBXFrameworksBuildPhase;
			buildActionMask = 2147483647;
			files = (
			);
			runOnlyForDeploymentPostprocessing = 0;
		};
/* End PBXFrameworksBuildPhase section */

/* Begin PBXGroup section */
		A5CF4198205B72BA006F2E5D = {
			isa = PBXGroup;
			children = (
				A5CF41A3205B72BA006F2E5D /* SVScrollView */,
				A5CF41B8205B72BB006F2E5D /* SVScrollViewTests */,
				A5CF41C3205B72BB006F2E5D /* SVScrollViewUITests */,
				A5CF41A2205B72BA006F2E5D /* Products */,
			);
			sourceTree = "<group>";
		};
		A5CF41A2205B72BA006F2E5D /* Products */ = {
			isa = PBXGroup;
			children = (
				A5CF41A1205B72BA006F2E5D /* SVScrollView.app */,
				A5CF41B5205B72BB006F2E5D /* SVScrollViewTests.xctest */,
				A5CF41C0205B72BB006F2E5D /* SVScrollViewUITests.xctest */,
			);
			name = Products;
			sourceTree = "<group>";
		};
		A5CF41A3205B72BA006F2E5D /* SVScrollView */ = {
			isa = PBXGroup;
			children = (
				A5CF41A4205B72BA006F2E5D /* AppDelegate.swift */,
				A5CF41A6205B72BA006F2E5D /* ViewController.swift */,
				A5CF41A8205B72BA006F2E5D /* Main.storyboard */,
				A5CF41AB205B72BA006F2E5D /* Assets.xcassets */,
				A5CF41AD205B72BA006F2E5D /* LaunchScreen.storyboard */,
				A5CF41B0205B72BA006F2E5D /* Info.plist */,
			);
			path = SVScrollView;
			sourceTree = "<group>";
		};
		A5CF41B8205B72BB006F2E5D /* SVScrollViewTests */ = {
			isa = PBXGroup;
			children = (
				A5CF41B9205B72BB006F2E5D /* SVScrollViewTests.swift */,
				A5CF41BB205B72BB006F2E5D /* Info.plist */,
			);
			path = SVScrollViewTests;
			sourceTree = "<group>";
		};
		A5CF41C3205B72BB006F2E5D /* SVScrollViewUITests */ = {
			isa = PBXGroup;
			children = (
				A5CF41C4205B72BB006F2E5D /* SVScrollViewUITests.swift */,
				A5CF41C6205B72BB006F2E5D /* Info.plist */,
			);
			path = SVScrollViewUITests;
			sourceTree = "<group>";
		};
/* End PBXGroup section */

/* Begin PBXNativeTarget section */
		A5CF41A0205B72BA006F2E5D /* SVScrollView */ = {
			isa = PBXNativeTarget;
			buildConfigurationList = A5CF41C9205B72BB006F2E5D /* Build configuration list for PBXNativeTarget "SVScrollView" */;
			buildPhases = (
				A5CF419D205B72BA006F2E5D /* Sources */,
				A5CF419E205B72BA006F2E5D /* Frameworks */,
				A5CF419F205B72BA006F2E5D /* Resources */,
			);
			buildRules = (
			);
			dependencies = (
			);
			name = SVScrollView;
			productName = SVScrollView;
			productReference = A5CF41A1205B72BA006F2E5D /* SVScrollView.app */;
			productType = "com.apple.product-type.application";
		};
		A5CF41B4205B72BB006F2E5D /* SVScrollViewTests */ = {
			isa = PBXNativeTarget;
			buildConfigurationList = A5CF41CC205B72BB006F2E5D /* Build configuration list for PBXNativeTarget "SVScrollViewTests" */;
			buildPhases = (
				A5CF41B1205B72BB006F2E5D /* Sources */,
				A5CF41B2205B72BB006F2E5D /* Frameworks */,
				A5CF41B3205B72BB006F2E5D /* Resources */,
			);
			buildRules = (
			);
			dependencies = (
				A5CF41B7205B72BB006F2E5D /* PBXTargetDependency */,
			);
			name = SVScrollViewTests;
			productName = SVScrollViewTests;
			productReference = A5CF41B5205B72BB006F2E5D /* SVScrollViewTests.xctest */;
			productType = "com.apple.product-type.bundle.unit-test";
		};
		A5CF41BF205B72BB006F2E5D /* SVScrollViewUITests */ = {
			isa = PBXNativeTarget;
			buildConfigurationList = A5CF41CF205B72BB006F2E5D /* Build configuration list for PBXNativeTarget "SVScrollViewUITests" */;
			buildPhases = (
				A5CF41BC205B72BB006F2E5D /* Sources */,
				A5CF41BD205B72BB006F2E5D /* Frameworks */,
				A5CF41BE205B72BB006F2E5D /* Resources */,
			);
			buildRules = (
			);
			dependencies = (
				A5CF41C2205B72BB006F2E5D /* PBXTargetDependency */,
			);
			name = SVScrollViewUITests;
			productName = SVScrollViewUITests;
			productReference = A5CF41C0205B72BB006F2E5D /* SVScrollViewUITests.xctest */;
			productType = "com.apple.product-type.bundle.ui-testing";
		};
/* End PBXNativeTarget section */

/* Begin PBXProject section */
		A5CF4199205B72BA006F2E5D /* Project object */ = {
			isa = PBXProject;
			attributes = {
				LastSwiftUpdateCheck = 0920;
				LastUpgradeCheck = 0920;
				ORGANIZATIONNAME = Vaniji;
				TargetAttributes = {
					A5CF41A0205B72BA006F2E5D = {
						CreatedOnToolsVersion = 9.2;
						ProvisioningStyle = Automatic;
					};
					A5CF41B4205B72BB006F2E5D = {
						CreatedOnToolsVersion = 9.2;
						ProvisioningStyle = Automatic;
						TestTargetID = A5CF41A0205B72BA006F2E5D;
					};
					A5CF41BF205B72BB006F2E5D = {
						CreatedOnToolsVersion = 9.2;
						ProvisioningStyle = Automatic;
						TestTargetID = A5CF41A0205B72BA006F2E5D;
					};
				};
			};
			buildConfigurationList = A5CF419C205B72BA006F2E5D /* Build configuration list for PBXProject "SVScrollView" */;
			compatibilityVersion = "Xcode 8.0";
			developmentRegion = en;
			hasScannedForEncodings = 0;
			knownRegions = (
				en,
				Base,
			);
			mainGroup = A5CF4198205B72BA006F2E5D;
			productRefGroup = A5CF41A2205B72BA006F2E5D /* Products */;
			projectDirPath = "";
			projectRoot = "";
			targets = (
				A5CF41A0205B72BA006F2E5D /* SVScrollView */,
				A5CF41B4205B72BB006F2E5D /* SVScrollViewTests */,
				A5CF41BF205B72BB006F2E5D /* SVScrollViewUITests */,
			);
		};
/* End PBXProject section */

/* Begin PBXResourcesBuildPhase section */
		A5CF419F205B72BA006F2E5D /* Resources */ = {
			isa = PBXResourcesBuildPhase;
			buildActionMask = 2147483647;
			files = (
				A5CF41AF205B72BA006F2E5D /* LaunchScreen.storyboard in Resources */,
				A5CF41AC205B72BA006F2E5D /* Assets.xcassets in Resources */,
				A5CF41AA205B72BA006F2E5D /* Main.storyboard in Resources */,
			);
			runOnlyForDeploymentPostprocessing = 0;
		};
		A5CF41B3205B72BB006F2E5D /* Resources */ = {
			isa = PBXResourcesBuildPhase;
			buildActionMask = 2147483647;
			files = (
			);
			runOnlyForDeploymentPostprocessing = 0;
		};
		A5CF41BE205B72BB006F2E5D /* Resources */ = {
			isa = PBXResourcesBuildPhase;
			buildActionMask = 2147483647;
			files = (
			);
			runOnlyForDeploymentPostprocessing = 0;
		};
/* End PBXResourcesBuildPhase section */

/* Begin PBXSourcesBuildPhase section */
		A5CF419D205B72BA006F2E5D /* Sources */ = {
			isa = PBXSourcesBuildPhase;
			buildActionMask = 2147483647;
			files = (
				A5CF41A7205B72BA006F2E5D /* ViewController.swift in Sources */,
				A5CF41A5205B72BA006F2E5D /* AppDelegate.swift in Sources */,
			);
			runOnlyForDeploymentPostprocessing = 0;
		};
		A5CF41B1205B72BB006F2E5D /* Sources */ = {
			isa = PBXSourcesBuildPhase;
			buildActionMask = 2147483647;
			files = (
				A5CF41BA205B72BB006F2E5D /* SVScrollViewTests.swift in Sources */,
			);
			runOnlyForDeploymentPostprocessing = 0;
		};
		A5CF41BC205B72BB006F2E5D /* Sources */ = {
			isa = PBXSourcesBuildPhase;
			buildActionMask = 2147483647;
			files = (
				A5CF41C5205B72BB006F2E5D /* SVScrollViewUITests.swift in Sources */,
			);
			runOnlyForDeploymentPostprocessing = 0;
		};
/* End PBXSourcesBuildPhase section */

/* Begin PBXTargetDependency section */
		A5CF41B7205B72BB006F2E5D /* PBXTargetDependency */ = {
			isa = PBXTargetDependency;
			target = A5CF41A0205B72BA006F2E5D /* SVScrollView */;
			targetProxy = A5CF41B6205B72BB006F2E5D /* PBXContainerItemProxy */;
		};
		A5CF41C2205B72BB006F2E5D /* PBXTargetDependency */ = {
			isa = PBXTargetDependency;
			target = A5CF41A0205B72BA006F2E5D /* SVScrollView */;
			targetProxy = A5CF41C1205B72BB006F2E5D /* PBXContainerItemProxy */;
		};
/* End PBXTargetDependency section */

/* Begin PBXVariantGroup section */
		A5CF41A8205B72BA006F2E5D /* Main.storyboard */ = {
			isa = PBXVariantGroup;
			children = (
				A5CF41A9205B72BA006F2E5D /* Base */,
			);
			name = Main.storyboard;
			sourceTree = "<group>";
		};
		A5CF41AD205B72BA006F2E5D /* LaunchScreen.storyboard */ = {
			isa = PBXVariantGroup;
			children = (
				A5CF41AE205B72BA006F2E5D /* Base */,
			);
			name = LaunchScreen.storyboard;
			sourceTree = "<group>";
		};
/* End PBXVariantGroup section */

/* Begin XCBuildConfiguration section */
		A5CF41C7205B72BB006F2E5D /* Debug */ = {
			isa = XCBuildConfiguration;
			buildSettings = {
				ALWAYS_SEARCH_USER_PATHS = NO;
				CLANG_ANALYZER_NONNULL = YES;
				CLANG_ANALYZER_NUMBER_OBJECT_CONVERSION = YES_AGGRESSIVE;
				CLANG_CXX_LANGUAGE_STANDARD = "gnu++14";
				CLANG_CXX_LIBRARY = "libc++";
				CLANG_ENABLE_MODULES = YES;
				CLANG_ENABLE_OBJC_ARC = YES;
				CLANG_WARN_BLOCK_CAPTURE_AUTORELEASING = YES;
				CLANG_WARN_BOOL_CONVERSION = YES;
				CLANG_WARN_COMMA = YES;
				CLANG_WARN_CONSTANT_CONVERSION = YES;
				CLANG_WARN_DIRECT_OBJC_ISA_USAGE = YES_ERROR;
				CLANG_WARN_DOCUMENTATION_COMMENTS = YES;
				CLANG_WARN_EMPTY_BODY = YES;
				CLANG_WARN_ENUM_CONVERSION = YES;
				CLANG_WARN_INFINITE_RECURSION = YES;
				CLANG_WARN_INT_CONVERSION = YES;
				CLANG_WARN_NON_LITERAL_NULL_CONVERSION = YES;
				CLANG_WARN_OBJC_LITERAL_CONVERSION = YES;
				CLANG_WARN_OBJC_ROOT_CLASS = YES_ERROR;
				CLANG_WARN_RANGE_LOOP_ANALYSIS = YES;
				CLANG_WARN_STRICT_PROTOTYPES = YES;
				CLANG_WARN_SUSPICIOUS_MOVE = YES;
				CLANG_WARN_UNGUARDED_AVAILABILITY = YES_AGGRESSIVE;
				CLANG_WARN_UNREACHABLE_CODE = YES;
				CLANG_WARN__DUPLICATE_METHOD_MATCH = YES;
				CODE_SIGN_IDENTITY = "iPhone Developer";
				COPY_PHASE_STRIP = NO;
				DEBUG_INFORMATION_FORMAT = dwarf;
				ENABLE_STRICT_OBJC_MSGSEND = YES;
				ENABLE_TESTABILITY = YES;
				GCC_C_LANGUAGE_STANDARD = gnu11;
				GCC_DYNAMIC_NO_PIC = NO;
				GCC_NO_COMMON_BLOCKS = YES;
				GCC_OPTIMIZATION_LEVEL = 0;
				GCC_PREPROCESSOR_DEFINITIONS = (
					"DEBUG=1",
					"$(inherited)",
				);
				GCC_WARN_64_TO_32_BIT_CONVERSION = YES;
				GCC_WARN_ABOUT_RETURN_TYPE = YES_ERROR;
				GCC_WARN_UNDECLARED_SELECTOR = YES;
				GCC_WARN_UNINITIALIZED_AUTOS = YES_AGGRESSIVE;
				GCC_WARN_UNUSED_FUNCTION = YES;
				GCC_WARN_UNUSED_VARIABLE = YES;
				IPHONEOS_DEPLOYMENT_TARGET = 11.2;
				MTL_ENABLE_DEBUG_INFO = YES;
				ONLY_ACTIVE_ARCH = YES;
				SDKROOT = iphoneos;
				SWIFT_ACTIVE_COMPILATION_CONDITIONS = DEBUG;
				SWIFT_OPTIMIZATION_LEVEL = "-Onone";
			};
			name = Debug;
		};
		A5CF41C8205B72BB006F2E5D /* Release */ = {
			isa = XCBuildConfiguration;
			buildSettings = {
				ALWAYS_SEARCH_USER_PATHS = NO;
				CLANG_ANALYZER_NONNULL = YES;
				CLANG_ANALYZER_NUMBER_OBJECT_CONVERSION = YES_AGGRESSIVE;
				CLANG_CXX_LANGUAGE_STANDARD = "gnu++14";
				CLANG_CXX_LIBRARY = "libc++";
				CLANG_ENABLE_MODULES = YES;
				CLANG_ENABLE_OBJC_ARC = YES;
				CLANG_WARN_BLOCK_CAPTURE_AUTORELEASING = YES;
				CLANG_WARN_BOOL_CONVERSION = YES;
				CLANG_WARN_COMMA = YES;
				CLANG_WARN_CONSTANT_CONVERSION = YES;
				CLANG_WARN_DIRECT_OBJC_ISA_USAGE = YES_ERROR;
				CLANG_WARN_DOCUMENTATION_COMMENTS = YES;
				CLANG_WARN_EMPTY_BODY = YES;
				CLANG_WARN_ENUM_CONVERSION = YES;
				CLANG_WARN_INFINITE_RECURSION = YES;
				CLANG_WARN_INT_CONVERSION = YES;
				CLANG_WARN_NON_LITERAL_NULL_CONVERSION = YES;
				CLANG_WARN_OBJC_LITERAL_CONVERSION = YES;
				CLANG_WARN_OBJC_ROOT_CLASS = YES_ERROR;
				CLANG_WARN_RANGE_LOOP_ANALYSIS = YES;
				CLANG_WARN_STRICT_PROTOTYPES = YES;
				CLANG_WARN_SUSPICIOUS_MOVE = YES;
				CLANG_WARN_UNGUARDED_AVAILABILITY = YES_AGGRESSIVE;
				CLANG_WARN_UNREACHABLE_CODE = YES;
				CLANG_WARN__DUPLICATE_METHOD_MATCH = YES;
				CODE_SIGN_IDENTITY = "iPhone Developer";
				COPY_PHASE_STRIP = NO;
				DEBUG_INFORMATION_FORMAT = "dwarf-with-dsym";
				ENABLE_NS_ASSERTIONS = NO;
				ENABLE_STRICT_OBJC_MSGSEND = YES;
				GCC_C_LANGUAGE_STANDARD = gnu11;
				GCC_NO_COMMON_BLOCKS = YES;
				GCC_WARN_64_TO_32_BIT_CONVERSION = YES;
				GCC_WARN_ABOUT_RETURN_TYPE = YES_ERROR;
				GCC_WARN_UNDECLARED_SELECTOR = YES;
				GCC_WARN_UNINITIALIZED_AUTOS = YES_AGGRESSIVE;
				GCC_WARN_UNUSED_FUNCTION = YES;
				GCC_WARN_UNUSED_VARIABLE = YES;
				IPHONEOS_DEPLOYMENT_TARGET = 11.2;
				MTL_ENABLE_DEBUG_INFO = NO;
				SDKROOT = iphoneos;
				SWIFT_OPTIMIZATION_LEVEL = "-Owholemodule";
				VALIDATE_PRODUCT = YES;
			};
			name = Release;
		};
		A5CF41CA205B72BB006F2E5D /* Debug */ = {
			isa = XCBuildConfiguration;
			buildSettings = {
				ASSETCATALOG_COMPILER_APPICON_NAME = AppIcon;
				CODE_SIGN_STYLE = Automatic;
				INFOPLIST_FILE = SVScrollView/Info.plist;
				LD_RUNPATH_SEARCH_PATHS = "$(inherited) @executable_path/Frameworks";
				PRODUCT_BUNDLE_IDENTIFIER = com.lms.Test.SVScrollView;
				PRODUCT_NAME = "$(TARGET_NAME)";
				SWIFT_VERSION = 4.0;
				TARGETED_DEVICE_FAMILY = "1,2";
			};
			name = Debug;
		};
		A5CF41CB205B72BB006F2E5D /* Release */ = {
			isa = XCBuildConfiguration;
			buildSettings = {
				ASSETCATALOG_COMPILER_APPICON_NAME = AppIcon;
				CODE_SIGN_STYLE = Automatic;
				INFOPLIST_FILE = SVScrollView/Info.plist;
				LD_RUNPATH_SEARCH_PATHS = "$(inherited) @executable_path/Frameworks";
				PRODUCT_BUNDLE_IDENTIFIER = com.lms.Test.SVScrollView;
				PRODUCT_NAME = "$(TARGET_NAME)";
				SWIFT_VERSION = 4.0;
				TARGETED_DEVICE_FAMILY = "1,2";
			};
			name = Release;
		};
		A5CF41CD205B72BB006F2E5D /* Debug */ = {
			isa = XCBuildConfiguration;
			buildSettings = {
				ALWAYS_EMBED_SWIFT_STANDARD_LIBRARIES = YES;
				BUNDLE_LOADER = "$(TEST_HOST)";
				CODE_SIGN_STYLE = Automatic;
				INFOPLIST_FILE = SVScrollViewTests/Info.plist;
				LD_RUNPATH_SEARCH_PATHS = "$(inherited) @executable_path/Frameworks @loader_path/Frameworks";
				PRODUCT_BUNDLE_IDENTIFIER = com.lms.Test.SVScrollViewTests;
				PRODUCT_NAME = "$(TARGET_NAME)";
				SWIFT_VERSION = 4.0;
				TARGETED_DEVICE_FAMILY = "1,2";
				TEST_HOST = "$(BUILT_PRODUCTS_DIR)/SVScrollView.app/SVScrollView";
			};
			name = Debug;
		};
		A5CF41CE205B72BB006F2E5D /* Release */ = {
			isa = XCBuildConfiguration;
			buildSettings = {
				ALWAYS_EMBED_SWIFT_STANDARD_LIBRARIES = YES;
				BUNDLE_LOADER = "$(TEST_HOST)";
				CODE_SIGN_STYLE = Automatic;
				INFOPLIST_FILE = SVScrollViewTests/Info.plist;
				LD_RUNPATH_SEARCH_PATHS = "$(inherited) @executable_path/Frameworks @loader_path/Frameworks";
				PRODUCT_BUNDLE_IDENTIFIER = com.lms.Test.SVScrollViewTests;
				PRODUCT_NAME = "$(TARGET_NAME)";
				SWIFT_VERSION = 4.0;
				TARGETED_DEVICE_FAMILY = "1,2";
				TEST_HOST = "$(BUILT_PRODUCTS_DIR)/SVScrollView.app/SVScrollView";
			};
			name = Release;
		};
		A5CF41D0205B72BB006F2E5D /* Debug */ = {
			isa = XCBuildConfiguration;
			buildSettings = {
				ALWAYS_EMBED_SWIFT_STANDARD_LIBRARIES = YES;
				CODE_SIGN_STYLE = Automatic;
				INFOPLIST_FILE = SVScrollViewUITests/Info.plist;
				LD_RUNPATH_SEARCH_PATHS = "$(inherited) @executable_path/Frameworks @loader_path/Frameworks";
				PRODUCT_BUNDLE_IDENTIFIER = com.lms.Test.SVScrollViewUITests;
				PRODUCT_NAME = "$(TARGET_NAME)";
				SWIFT_VERSION = 4.0;
				TARGETED_DEVICE_FAMILY = "1,2";
				TEST_TARGET_NAME = SVScrollView;
			};
			name = Debug;
		};
		A5CF41D1205B72BB006F2E5D /* Release */ = {
			isa = XCBuildConfiguration;
			buildSettings = {
				ALWAYS_EMBED_SWIFT_STANDARD_LIBRARIES = YES;
				CODE_SIGN_STYLE = Automatic;
				INFOPLIST_FILE = SVScrollViewUITests/Info.plist;
				LD_RUNPATH_SEARCH_PATHS = "$(inherited) @executable_path/Frameworks @loader_path/Frameworks";
				PRODUCT_BUNDLE_IDENTIFIER = com.lms.Test.SVScrollViewUITests;
				PRODUCT_NAME = "$(TARGET_NAME)";
				SWIFT_VERSION = 4.0;
				TARGETED_DEVICE_FAMILY = "1,2";
				TEST_TARGET_NAME = SVScrollView;
			};
			name = Release;
		};
/* End XCBuildConfiguration section */

/* Begin XCConfigurationList section */
		A5CF419C205B72BA006F2E5D /* Build configuration list for PBXProject "SVScrollView" */ = {
			isa = XCConfigurationList;
			buildConfigurations = (
				A5CF41C7205B72BB006F2E5D /* Debug */,
				A5CF41C8205B72BB006F2E5D /* Release */,
			);
			defaultConfigurationIsVisible = 0;
			defaultConfigurationName = Release;
		};
		A5CF41C9205B72BB006F2E5D /* Build configuration list for PBXNativeTarget "SVScrollView" */ = {
			isa = XCConfigurationList;
			buildConfigurations = (
				A5CF41CA205B72BB006F2E5D /* Debug */,
				A5CF41CB205B72BB006F2E5D /* Release */,
			);
			defaultConfigurationIsVisible = 0;
			defaultConfigurationName = Release;
		};
		A5CF41CC205B72BB006F2E5D /* Build configuration list for PBXNativeTarget "SVScrollViewTests" */ = {
			isa = XCConfigurationList;
			buildConfigurations = (
				A5CF41CD205B72BB006F2E5D /* Debug */,
				A5CF41CE205B72BB006F2E5D /* Release */,
			);
			defaultConfigurationIsVisible = 0;
			defaultConfigurationName = Release;
		};
		A5CF41CF205B72BB006F2E5D /* Build configuration list for PBXNativeTarget "SVScrollViewUITests" */ = {
			isa = XCConfigurationList;
			buildConfigurations = (
				A5CF41D0205B72BB006F2E5D /* Debug */,
				A5CF41D1205B72BB006F2E5D /* Release */,
			);
			defaultConfigurationIsVisible = 0;
			defaultConfigurationName = Release;
		};
/* End XCConfigurationList section */
	};
	rootObject = A5CF4199205B72BA006F2E5D /* Project object */;
}
